Microsoft Visual Studio Solution File, Format Version 12.00
Project("{FAE04EC0-301F-11D3-BF4B-00C04F79EFBC}") = "DotnetRuntimeBootstrapper.AppHost.Gui", "DotnetRuntimeBootstrapper.AppHost.Gui\DotnetRuntimeBootstrapper.AppHost.Gui.csproj", "{C3E22118-1186-41FB-939F-7C48EA109D07}"
EndProject
Project("{FAE04EC0-301F-11D3-BF4B-00C04F79EFBC}") = "DotnetRuntimeBootstrapper", "DotnetRuntimeBootstrapper\DotnetRuntimeBootstrapper.csproj", "{40809F7D-623B-4CB1-8EF4-25A90352B487}"
EndProject
Project("{2150E333-8FDC-42A3-9474-1A3956D46DE8}") = "Misc", "Misc", "{ADC60863-6275-4C58-9223-C8CCDBB7D12D}"
ProjectSection(SolutionItems) = preProject
	Directory.Build.props = Directory.Build.props
	Changelog.md = Changelog.md
	License.txt = License.txt
	Readme.md = Readme.md
EndProjectSection
EndProject
Project("{FAE04EC0-301F-11D3-BF4B-00C04F79EFBC}") = "DotnetRuntimeBootstrapper.Demo.Gui", "DotnetRuntimeBootstrapper.Demo.Gui\DotnetRuntimeBootstrapper.Demo.Gui.csproj", "{E3B1C334-C7BC-41C5-BE94-F15A4A77346D}"
EndProject
Project("{FAE04EC0-301F-11D3-BF4B-00C04F79EFBC}") = "DotnetRuntimeBootstrapper.AppHost.Core", "DotnetRuntimeBootstrapper.AppHost.Core\DotnetRuntimeBootstrapper.AppHost.Core.csproj", "{BBC765B2-054F-4F83-911E-52E1FA180AB8}"
EndProject
Project("{FAE04EC0-301F-11D3-BF4B-00C04F79EFBC}") = "DotnetRuntimeBootstrapper.Demo.Cli", "DotnetRuntimeBootstrapper.Demo.Cli\DotnetRuntimeBootstrapper.Demo.Cli.csproj", "{87960C84-72B2-4472-888A-D85E92CFEFC3}"
EndProject
Project("{FAE04EC0-301F-11D3-BF4B-00C04F79EFBC}") = "DotnetRuntimeBootstrapper.AppHost.Cli", "DotnetRuntimeBootstrapper.AppHost.Cli\DotnetRuntimeBootstrapper.AppHost.Cli.csproj", "{FF316DCE-0272-4BAB-9BA9-ED3BCF2BECC4}"
EndProject
Global
	GlobalSection(SolutionConfigurationPlatforms) = preSolution
		Debug|Any CPU = Debug|Any CPU
		Release|Any CPU = Release|Any CPU
	EndGlobalSection
	GlobalSection(ProjectConfigurationPlatforms) = postSolution
		{C3E22118-1186-41FB-939F-7C48EA109D07}.Debug|Any CPU.ActiveCfg = Debug|Any CPU
		{C3E22118-1186-41FB-939F-7C48EA109D07}.Debug|Any CPU.Build.0 = Debug|Any CPU
		{C3E22118-1186-41FB-939F-7C48EA109D07}.Release|Any CPU.ActiveCfg = Release|Any CPU
		{C3E22118-1186-41FB-939F-7C48EA109D07}.Release|Any CPU.Build.0 = Release|Any CPU
		{40809F7D-623B-4CB1-8EF4-25A90352B487}.Debug|Any CPU.ActiveCfg = Debug|Any CPU
		{40809F7D-623B-4CB1-8EF4-25A90352B487}.Debug|Any CPU.Build.0 = Debug|Any CPU
		{40809F7D-623B-4CB1-8EF4-25A90352B487}.Release|Any CPU.ActiveCfg = Release|Any CPU
		{40809F7D-623B-4CB1-8EF4-25A90352B487}.Release|Any CPU.Build.0 = Release|Any CPU
		{E3B1C334-C7BC-41C5-BE94-F15A4A77346D}.Debug|Any CPU.ActiveCfg = Debug|Any CPU
		{E3B1C334-C7BC-41C5-BE94-F15A4A77346D}.Debug|Any CPU.Build.0 = Debug|Any CPU
		{E3B1C334-C7BC-41C5-BE94-F15A4A77346D}.Release|Any CPU.ActiveCfg = Release|Any CPU
		{E3B1C334-C7BC-41C5-BE94-F15A4A77346D}.Release|Any CPU.Build.0 = Release|Any CPU
		{BBC765B2-054F-4F83-911E-52E1FA180AB8}.Debug|Any CPU.ActiveCfg = Debug|Any CPU
		{BBC765B2-054F-4F83-911E-52E1FA180AB8}.Debug|Any CPU.Build.0 = Debug|Any CPU
		{BBC765B2-054F-4F83-911E-52E1FA180AB8}.Release|Any CPU.ActiveCfg = Release|Any CPU
		{BBC765B2-054F-4F83-911E-52E1FA180AB8}.Release|Any CPU.Build.0 = Release|Any CPU
		{87960C84-72B2-4472-888A-D85E92CFEFC3}.Debug|Any CPU.ActiveCfg = Debug|Any CPU
		{87960C84-72B2-4472-888A-D85E92CFEFC3}.Debug|Any CPU.Build.0 = Debug|Any CPU
		{87960C84-72B2-4472-888A-D85E92CFEFC3}.Release|Any CPU.ActiveCfg = Release|Any CPU
		{87960C84-72B2-4472-888A-D85E92CFEFC3}.Release|Any CPU.Build.0 = Release|Any CPU
		{FF316DCE-0272-4BAB-9BA9-ED3BCF2BECC4}.Debug|Any CPU.ActiveCfg = Debug|Any CPU
		{FF316DCE-0272-4BAB-9BA9-ED3BCF2BECC4}.Debug|Any CPU.Build.0 = Debug|Any CPU
		{FF316DCE-0272-4BAB-9BA9-ED3BCF2BECC4}.Release|Any CPU.ActiveCfg = Release|Any CPU
		{FF316DCE-0272-4BAB-9BA9-ED3BCF2BECC4}.Release|Any CPU.Build.0 = Release|Any CPU
	EndGlobalSection
EndGlobal
